{
  "requires": true,
  "lockfileVersion": 1,
  "dependencies": {
    "@tklc/miniapp-tracker-sdk": {
      "version": "0.0.14",
      "resolved": "http://10.0.0.122:7001/@tklc/miniapp-tracker-sdk/download/@tklc/miniapp-tracker-sdk-0.0.14.tgz",
      "integrity": "sha1-8E/vZC9ZPUT3f8dtaBVbtM5mWxA="
    },
    "babel-runtime": {
      "version": "6.26.0",
      "resolved": "https://registry.npmjs.org/babel-runtime/-/babel-runtime-6.26.0.tgz",
      "integrity": "sha1-llxwWGaOgrVde/4E/yM3vItWR/4=",
      "requires": {
        "core-js": "^2.4.0",
        "regenerator-runtime": "^0.11.0"
      }
    },
    "bus-tinyapp-components": {
      "version": "1.2.2",
      "resolved": "https://registry.npm.taobao.org/bus-tinyapp-components/download/bus-tinyapp-components-1.2.2.tgz",
      "integrity": "sha1-+qFYkSoFbZUA1Tab/+rqe5QN58I="
    },
    "core-js": {
      "version": "2.6.2",
      "resolved": "https://registry.npmjs.org/core-js/-/core-js-2.6.2.tgz",
      "integrity": "sha512-NdBPF/RVwPW6jr0NCILuyN9RiqLo2b1mddWHkUL+VnvcB7dzlnBJ1bXYntjpTGOgkZiiLWj2JxmOr7eGE3qK6g=="
    },
    "dayjs": {
      "version": "1.7.8",
      "resolved": "http://registry.npm.taobao.org/dayjs/download/dayjs-1.7.8.tgz",
      "integrity": "sha1-BdKI+NSyFAEQzBUZz+MX1vHxGjw="
    },
    "herculex": {
      "version": "0.2.12",
      "resolved": "https://registry.npmjs.org/herculex/-/herculex-0.2.12.tgz",
      "integrity": "sha512-kiJESd1HobagiKU9GOblPJRaHNdoCH0DcGf2Znnz/dSqt4fljbLZ4/3qvE1hgMGft8/uaqVcJwhMayhd6IAung==",
      "requires": {
        "babel-runtime": "^6.26.0",
        "immer": "^1.7.2",
        "immutability-helper-enhanced": "^2.8.1"
      }
    },
    "immer": {
      "version": "1.11.0",
      "resolved": "https://registry.npmjs.org/immer/-/immer-1.11.0.tgz",
      "integrity": "sha512-km4oPFNJgumn4+PKZ+B6ZCkIeiLx8HvryOmxQHfN8ATPV9jLzweAK0JH9T8mplDLyrUi1xlGLYlAO7wDYpTV9w=="
    },
    "immutability-helper-enhanced": {
      "version": "2.8.1",
      "resolved": "https://registry.npmjs.org/immutability-helper-enhanced/-/immutability-helper-enhanced-2.8.1.tgz",
      "integrity": "sha512-Eio8SgH3Ek49+jnwXKmRV3K1+hGGyecWEhi+g3UB0bgcXd7iLwB/KOMuaXK3+KPKKi/Zic+QAOsrkVzqcZMM5g=="
    },
    "mini-antui": {
      "version": "0.3.13",
      "resolved": "https://registry.npmjs.org/mini-antui/-/mini-antui-0.3.13.tgz",
      "integrity": "sha512-i/NJ8f/ZqmqK9hrtv71wcuvaWW5CqX7C85XfwbYKGu7kLniCrznEH3nOSA7j0iNt8dp/uP3o1mvTXLy0SihcZg=="
    },
    "moment": {
      "version": "2.22.2",
      "resolved": "https://registry.npmjs.org/moment/-/moment-2.22.2.tgz",
      "integrity": "sha1-PCV/mDn8DpP/UxSWMiOeuQeD/2Y="
    },
    "regenerator-runtime": {
      "version": "0.11.1",
      "resolved": "https://registry.npmjs.org/regenerator-runtime/-/regenerator-runtime-0.11.1.tgz",
      "integrity": "sha512-MguG95oij0fC3QV3URf4V2SDYGJhJnJGqvIIgdECeODCT98wSWDAJ94SSuVpYQUoTcGUIL6L4yNB7j1DFFHSBg=="
    }
  }
}
